
Microsoft Visual Studio Solution File, Format Version 12.00
# Visual Studio Version 17
VisualStudioVersion = 17.3.32819.101
MinimumVisualStudioVersion = 10.0.40219.1
Project("{FAE04EC0-301F-11D3-BF4B-00C04F79EFBC}") = "AppCitas.Service", "AppCitas.Service.csproj", "{3FCAE89C-C276-45A5-9F66-E5F95E49DB23}"
EndProject
Global
	GlobalSection(SolutionConfigurationPlatforms) = preSolution
		Debug|Any CPU = Debug|Any CPU
		Release|Any CPU = Release|Any CPU
	EndGlobalSection
	GlobalSection(ProjectConfigurationPlatforms) = postSolution
		{3FCAE89C-C276-45A5-9F66-E5F95E49DB23}.Debug|Any CPU.ActiveCfg = Debug|Any CPU
		{3FCAE89C-C276-45A5-9F66-E5F95E49DB23}.Debug|Any CPU.Build.0 = Debug|Any CPU
		{3FCAE89C-C276-45A5-9F66-E5F95E49DB23}.Release|Any CPU.ActiveCfg = Release|Any CPU
		{3FCAE89C-C276-45A5-9F66-E5F95E49DB23}.Release|Any CPU.Build.0 = Release|Any CPU
	EndGlobalSection
	GlobalSection(SolutionProperties) = preSolution
		HideSolutionNode = FALSE
	EndGlobalSection
	GlobalSection(ExtensibilityGlobals) = postSolution
		SolutionGuid = {B221B0A7-B0E4-41D5-98E9-FF8B7E74E8C4}
	EndGlobalSection
EndGlobal
